PODS:
  - BlocksKit (2.2.5):
    - BlocksKit/All (= 2.2.5)
  - BlocksKit/All (2.2.5):
    - BlocksKit/Core
    - BlocksKit/DynamicDelegate
    - BlocksKit/MessageUI
    - BlocksKit/UIKit
  - BlocksKit/Core (2.2.5)
  - BlocksKit/DynamicDelegate (2.2.5)
  - BlocksKit/MessageUI (2.2.5):
    - BlocksKit/Core
    - BlocksKit/DynamicDelegate
  - BlocksKit/UIKit (2.2.5):
    - BlocksKit/Core
    - BlocksKit/DynamicDelegate
  - CocoaLumberjack (3.6.1):
    - CocoaLumberjack/Core (= 3.6.1)
  - CocoaLumberjack/Core (3.6.1)
  - FMDB (2.7.5):
    - FMDB/standard (= 2.7.5)
  - FMDB/standard (2.7.5)
  - Masonry (1.1.0)
  - MJRefresh (3.3.1)
  - ReactiveObjC (3.1.1)
  - SDWebImage (5.4.0):
    - SDWebImage/Core (= 5.4.0)
  - SDWebImage/Core (5.4.0)
  - SHMDatabase (0.0.1):
    - FMDB
    - YYModel
  - SSZipArchive (2.2.2)
  - SVProgressHUD (2.2.5)
  - UIFontWDCustomLoader (0.1.0)
  - "UITableView+FDTemplateLayoutCell (1.6)"
  - Valet (2.4.2)
  - XTBase (1.4.4):
    - CocoaLumberjack (= 3.6.1)
    - Masonry
    - MJRefresh
    - ReactiveObjC
    - SDWebImage
    - SSZipArchive
    - SVProgressHUD
    - UIFontWDCustomLoader
    - "UITableView+FDTemplateLayoutCell"
    - Valet (= 2.4.2)
    - YYModel
  - XTTable (1.0.0):
    - XTBase
  - YYModel (1.0.4)

DEPENDENCIES:
  - BlocksKit
  - SDWebImage (= 5.4.0)
  - SHMDatabase
  - XTBase
  - XTTable

SPEC REPOS:
  https://git.shimo.im/ios/Specs:
    - SHMDatabase
  https://github.com/CocoaPods/Specs.git:
    - BlocksKit
    - CocoaLumberjack
    - FMDB
    - Masonry
    - MJRefresh
    - ReactiveObjC
    - SDWebImage
    - SSZipArchive
    - SVProgressHUD
    - UIFontWDCustomLoader
    - "UITableView+FDTemplateLayoutCell"
    - Valet
    - XTBase
    - XTTable
    - YYModel

SPEC CHECKSUMS:
  BlocksKit: 7f422b971407001178d181a43b99014ea2591fe6
  CocoaLumberjack: b17ae15142558d08bbacf69775fa10c4abbebcc9
  FMDB: 2ce00b547f966261cd18927a3ddb07cb6f3db82a
  Masonry: 678fab65091a9290e40e2832a55e7ab731aad201
  MJRefresh: eeda70fbf0ad277f3178cef1cd0c3532591d6237
  ReactiveObjC: 011caa393aa0383245f2dcf9bf02e86b80b36040
  SDWebImage: 5bf6aec6481ae2a062bdc59f9d6c1d1e552090e0
  SHMDatabase: 7c3eb63e63e2e9f1ebff2de4f0d67aa0343837e9
  SSZipArchive: fa16b8cc4cdeceb698e5e5d9f67e9558532fbf23
  SVProgressHUD: 1428aafac632c1f86f62aa4243ec12008d7a51d6
  UIFontWDCustomLoader: 233f0f83e543b8f24a6299d7fc773be9d704fe22
  "UITableView+FDTemplateLayoutCell": 5c949b4a5059c404b442926c0e80f81d10a2d66f
  Valet: 14463ef24fab8fd5809044ecedb61484b799fdd6
  XTBase: ab6df355b34d48b6a80b1b5ba3c046600b8093a9
  XTTable: 71154f0f7e883546d83a3b377f919369fc7d1ece
  YYModel: 2a7fdd96aaa4b86a824e26d0c517de8928c04b30

PODFILE CHECKSUM: 9aba0f7b0130a967f24e53952864e678e8354699

COCOAPODS: 1.8.4
